
Microsoft Visual Studio Solution File, Format Version 12.00
# Visual Studio Version 17
VisualStudioVersion = 17.1.32421.90
MinimumVisualStudioVersion = 10.0.40219.1
Project("{9A19103F-16F7-4668-BE54-9A1E7A4F7556}") = "MDispatch", "MDispatch\MDispatch\MDispatch.csproj", "{ECCABC9D-2582-40BF-BC8A-5A9166219226}"
EndProject
Project("{FAE04EC0-301F-11D3-BF4B-00C04F79EFBC}") = "MDispatch.iOS", "MDispatch\MDispatch.iOS\MDispatch.iOS.csproj", "{FFE941D5-E279-4090-AEEA-9A32BE01D3D7}"
EndProject
Project("{FAE04EC0-301F-11D3-BF4B-00C04F79EFBC}") = "MDispatch.Android", "MDispatch\MDispatch.Android\MDispatch.Android.csproj", "{19D6D24D-FD79-42B1-ABA5-038875180AED}"
EndProject
Project("{9A19103F-16F7-4668-BE54-9A1E7A4F7556}") = "WebDispacher", "WebDispacher\WebDispacher.csproj", "{A2D8C176-D380-46E5-B121-45281511A170}"
EndProject
Project("{9A19103F-16F7-4668-BE54-9A1E7A4F7556}") = "DaoModels", "DaoModels\DaoModels.csproj", "{2F2966BC-5F94-4EAD-8926-D32F14C15A04}"
EndProject
Project("{9A19103F-16F7-4668-BE54-9A1E7A4F7556}") = "BaceModel", "BaceModel\BaceModel.csproj", "{8D52533B-5B31-4ABA-BBC7-127E2703C027}"
EndProject
Project("{9A19103F-16F7-4668-BE54-9A1E7A4F7556}") = "ApiMobaileServise", "ApiMobaileServise\ApiMobaileServise.csproj", "{3D0F75F4-3A02-4C2D-8AB5-24CDD9938A00}"
EndProject
Project("{FAE04EC0-301F-11D3-BF4B-00C04F79EFBC}") = "Expansion", "Expansion\Expansion.csproj", "{CF639699-B873-4A75-A48B-C92F411C37E8}"
EndProject
Project("{FAE04EC0-301F-11D3-BF4B-00C04F79EFBC}") = "Parser", "Parser\Parser.csproj", "{7755E01D-7F6F-46E6-99EF-0FBC73DEF5F9}"
EndProject
Global
	GlobalSection(SolutionConfigurationPlatforms) = preSolution
		Ad-Hoc|Any CPU = Ad-Hoc|Any CPU
		Ad-Hoc|iPhone = Ad-Hoc|iPhone
		Ad-Hoc|iPhoneSimulator = Ad-Hoc|iPhoneSimulator
		Ad-Hoc|x64 = Ad-Hoc|x64
		AppStore|Any CPU = AppStore|Any CPU
		AppStore|iPhone = AppStore|iPhone
		AppStore|iPhoneSimulator = AppStore|iPhoneSimulator
		AppStore|x64 = AppStore|x64
		Debug|Any CPU = Debug|Any CPU
		Debug|iPhone = Debug|iPhone
		Debug|iPhoneSimulator = Debug|iPhoneSimulator
		Debug|x64 = Debug|x64
		Release|Any CPU = Release|Any CPU
		Release|iPhone = Release|iPhone
		Release|iPhoneSimulator = Release|iPhoneSimulator
		Release|x64 = Release|x64
	EndGlobalSection
	GlobalSection(ProjectConfigurationPlatforms) = postSolution
		{ECCABC9D-2582-40BF-BC8A-5A9166219226}.Ad-Hoc|Any CPU.ActiveCfg = Debug|Any CPU
		{ECCABC9D-2582-40BF-BC8A-5A9166219226}.Ad-Hoc|Any CPU.Build.0 = Debug|Any CPU
		{ECCABC9D-2582-40BF-BC8A-5A9166219226}.Ad-Hoc|iPhone.ActiveCfg = Debug|Any CPU
		{ECCABC9D-2582-40BF-BC8A-5A9166219226}.Ad-Hoc|iPhone.Build.0 = Debug|Any CPU
		{ECCABC9D-2582-40BF-BC8A-5A9166219226}.Ad-Hoc|iPhoneSimulator.ActiveCfg = Debug|Any CPU
		{ECCABC9D-2582-40BF-BC8A-5A9166219226}.Ad-Hoc|iPhoneSimulator.Build.0 = Debug|Any CPU
		{ECCABC9D-2582-40BF-BC8A-5A9166219226}.Ad-Hoc|x64.ActiveCfg = Release|Any CPU
		{ECCABC9D-2582-40BF-BC8A-5A9166219226}.Ad-Hoc|x64.Build.0 = Release|Any CPU
		{ECCABC9D-2582-40BF-BC8A-5A9166219226}.AppStore|Any CPU.ActiveCfg = Debug|Any CPU
		{ECCABC9D-2582-40BF-BC8A-5A9166219226}.AppStore|Any CPU.Build.0 = Debug|Any CPU
		{ECCABC9D-2582-40BF-BC8A-5A9166219226}.AppStore|iPhone.ActiveCfg = Debug|Any CPU
		{ECCABC9D-2582-40BF-BC8A-5A9166219226}.AppStore|iPhone.Build.0 = Debug|Any CPU
		{ECCABC9D-2582-40BF-BC8A-5A9166219226}.AppStore|iPhoneSimulator.ActiveCfg = Debug|Any CPU
		{ECCABC9D-2582-40BF-BC8A-5A9166219226}.AppStore|iPhoneSimulator.Build.0 = Debug|Any CPU
		{ECCABC9D-2582-40BF-BC8A-5A9166219226}.AppStore|x64.ActiveCfg = Release|Any CPU
		{ECCABC9D-2582-40BF-BC8A-5A9166219226}.AppStore|x64.Build.0 = Release|Any CPU
		{ECCABC9D-2582-40BF-BC8A-5A9166219226}.Debug|Any CPU.ActiveCfg = Debug|Any CPU
		{ECCABC9D-2582-40BF-BC8A-5A9166219226}.Debug|Any CPU.Build.0 = Debug|Any CPU
		{ECCABC9D-2582-40BF-BC8A-5A9166219226}.Debug|iPhone.ActiveCfg = Debug|Any CPU
		{ECCABC9D-2582-40BF-BC8A-5A9166219226}.Debug|iPhone.Build.0 = Debug|Any CPU
		{ECCABC9D-2582-40BF-BC8A-5A9166219226}.Debug|iPhoneSimulator.ActiveCfg = Debug|Any CPU
		{ECCABC9D-2582-40BF-BC8A-5A9166219226}.Debug|iPhoneSimulator.Build.0 = Debug|Any CPU
		{ECCABC9D-2582-40BF-BC8A-5A9166219226}.Debug|x64.ActiveCfg = Debug|Any CPU
		{ECCABC9D-2582-40BF-BC8A-5A9166219226}.Debug|x64.Build.0 = Debug|Any CPU
		{ECCABC9D-2582-40BF-BC8A-5A9166219226}.Release|Any CPU.ActiveCfg = Release|Any CPU
		{ECCABC9D-2582-40BF-BC8A-5A9166219226}.Release|Any CPU.Build.0 = Release|Any CPU
		{ECCABC9D-2582-40BF-BC8A-5A9166219226}.Release|iPhone.ActiveCfg = Release|Any CPU
		{ECCABC9D-2582-40BF-BC8A-5A9166219226}.Release|iPhone.Build.0 = Release|Any CPU
		{ECCABC9D-2582-40BF-BC8A-5A9166219226}.Release|iPhoneSimulator.ActiveCfg = Release|Any CPU
		{ECCABC9D-2582-40BF-BC8A-5A9166219226}.Release|iPhoneSimulator.Build.0 = Release|Any CPU
		{ECCABC9D-2582-40BF-BC8A-5A9166219226}.Release|x64.ActiveCfg = Release|Any CPU
		{ECCABC9D-2582-40BF-BC8A-5A9166219226}.Release|x64.Build.0 = Release|Any CPU
		{FFE941D5-E279-4090-AEEA-9A32BE01D3D7}.Ad-Hoc|Any CPU.ActiveCfg = Ad-Hoc|iPhone
		{FFE941D5-E279-4090-AEEA-9A32BE01D3D7}.Ad-Hoc|iPhone.ActiveCfg = Ad-Hoc|iPhone
		{FFE941D5-E279-4090-AEEA-9A32BE01D3D7}.Ad-Hoc|iPhone.Build.0 = Ad-Hoc|iPhone
		{FFE941D5-E279-4090-AEEA-9A32BE01D3D7}.Ad-Hoc|iPhoneSimulator.ActiveCfg = Ad-Hoc|iPhoneSimulator
		{FFE941D5-E279-4090-AEEA-9A32BE01D3D7}.Ad-Hoc|iPhoneSimulator.Build.0 = Ad-Hoc|iPhoneSimulator
		{FFE941D5-E279-4090-AEEA-9A32BE01D3D7}.Ad-Hoc|x64.ActiveCfg = Ad-Hoc|x64
		{FFE941D5-E279-4090-AEEA-9A32BE01D3D7}.Ad-Hoc|x64.Build.0 = Ad-Hoc|x64
		{FFE941D5-E279-4090-AEEA-9A32BE01D3D7}.AppStore|Any CPU.ActiveCfg = AppStore|iPhone
		{FFE941D5-E279-4090-AEEA-9A32BE01D3D7}.AppStore|iPhone.ActiveCfg = AppStore|iPhone
		{FFE941D5-E279-4090-AEEA-9A32BE01D3D7}.AppStore|iPhone.Build.0 = AppStore|iPhone
		{FFE941D5-E279-4090-AEEA-9A32BE01D3D7}.AppStore|iPhoneSimulator.ActiveCfg = AppStore|iPhoneSimulator
		{FFE941D5-E279-4090-AEEA-9A32BE01D3D7}.AppStore|iPhoneSimulator.Build.0 = AppStore|iPhoneSimulator
		{FFE941D5-E279-4090-AEEA-9A32BE01D3D7}.AppStore|x64.ActiveCfg = AppStore|x64
		{FFE941D5-E279-4090-AEEA-9A32BE01D3D7}.AppStore|x64.Build.0 = AppStore|x64
		{FFE941D5-E279-4090-AEEA-9A32BE01D3D7}.Debug|Any CPU.ActiveCfg = Debug|iPhone
		{FFE941D5-E279-4090-AEEA-9A32BE01D3D7}.Debug|iPhone.ActiveCfg = Debug|iPhone
		{FFE941D5-E279-4090-AEEA-9A32BE01D3D7}.Debug|iPhone.Build.0 = Debug|iPhone
		{FFE941D5-E279-4090-AEEA-9A32BE01D3D7}.Debug|iPhone.Deploy.0 = Debug|iPhone
		{FFE941D5-E279-4090-AEEA-9A32BE01D3D7}.Debug|iPhoneSimulator.ActiveCfg = Debug|iPhone
		{FFE941D5-E279-4090-AEEA-9A32BE01D3D7}.Debug|iPhoneSimulator.Build.0 = Debug|iPhone
		{FFE941D5-E279-4090-AEEA-9A32BE01D3D7}.Debug|x64.ActiveCfg = Debug|iPhoneSimulator
		{FFE941D5-E279-4090-AEEA-9A32BE01D3D7}.Debug|x64.Build.0 = Debug|iPhoneSimulator
		{FFE941D5-E279-4090-AEEA-9A32BE01D3D7}.Release|Any CPU.ActiveCfg = Release|iPhone
		{FFE941D5-E279-4090-AEEA-9A32BE01D3D7}.Release|iPhone.ActiveCfg = Release|iPhone
		{FFE941D5-E279-4090-AEEA-9A32BE01D3D7}.Release|iPhone.Build.0 = Release|iPhone
		{FFE941D5-E279-4090-AEEA-9A32BE01D3D7}.Release|iPhoneSimulator.ActiveCfg = Release|iPhoneSimulator
		{FFE941D5-E279-4090-AEEA-9A32BE01D3D7}.Release|iPhoneSimulator.Build.0 = Release|iPhoneSimulator
		{FFE941D5-E279-4090-AEEA-9A32BE01D3D7}.Release|x64.ActiveCfg = Release|x64
		{FFE941D5-E279-4090-AEEA-9A32BE01D3D7}.Release|x64.Build.0 = Release|x64
		{19D6D24D-FD79-42B1-ABA5-038875180AED}.Ad-Hoc|Any CPU.ActiveCfg = Release|Any CPU
		{19D6D24D-FD79-42B1-ABA5-038875180AED}.Ad-Hoc|Any CPU.Build.0 = Release|Any CPU
		{19D6D24D-FD79-42B1-ABA5-038875180AED}.Ad-Hoc|Any CPU.Deploy.0 = Release|Any CPU
		{19D6D24D-FD79-42B1-ABA5-038875180AED}.Ad-Hoc|iPhone.ActiveCfg = Release|Any CPU
		{19D6D24D-FD79-42B1-ABA5-038875180AED}.Ad-Hoc|iPhone.Build.0 = Release|Any CPU
		{19D6D24D-FD79-42B1-ABA5-038875180AED}.Ad-Hoc|iPhone.Deploy.0 = Release|Any CPU
		{19D6D24D-FD79-42B1-ABA5-038875180AED}.Ad-Hoc|iPhoneSimulator.ActiveCfg = Release|Any CPU
		{19D6D24D-FD79-42B1-ABA5-038875180AED}.Ad-Hoc|iPhoneSimulator.Build.0 = Release|Any CPU
		{19D6D24D-FD79-42B1-ABA5-038875180AED}.Ad-Hoc|iPhoneSimulator.Deploy.0 = Release|Any CPU
		{19D6D24D-FD79-42B1-ABA5-038875180AED}.Ad-Hoc|x64.ActiveCfg = Debug|Any CPU
		{19D6D24D-FD79-42B1-ABA5-038875180AED}.Ad-Hoc|x64.Build.0 = Debug|Any CPU
		{19D6D24D-FD79-42B1-ABA5-038875180AED}.Ad-Hoc|x64.Deploy.0 = Debug|Any CPU
		{19D6D24D-FD79-42B1-ABA5-038875180AED}.AppStore|Any CPU.ActiveCfg = Release|Any CPU
		{19D6D24D-FD79-42B1-ABA5-038875180AED}.AppStore|Any CPU.Build.0 = Release|Any CPU
		{19D6D24D-FD79-42B1-ABA5-038875180AED}.AppStore|Any CPU.Deploy.0 = Release|Any CPU
		{19D6D24D-FD79-42B1-ABA5-038875180AED}.AppStore|iPhone.ActiveCfg = Release|Any CPU
		{19D6D24D-FD79-42B1-ABA5-038875180AED}.AppStore|iPhone.Build.0 = Release|Any CPU
		{19D6D24D-FD79-42B1-ABA5-038875180AED}.AppStore|iPhone.Deploy.0 = Release|Any CPU
		{19D6D24D-FD79-42B1-ABA5-038875180AED}.AppStore|iPhoneSimulator.ActiveCfg = Release|Any CPU
		{19D6D24D-FD79-42B1-ABA5-038875180AED}.AppStore|iPhoneSimulator.Build.0 = Release|Any CPU
		{19D6D24D-FD79-42B1-ABA5-038875180AED}.AppStore|iPhoneSimulator.Deploy.0 = Release|Any CPU
		{19D6D24D-FD79-42B1-ABA5-038875180AED}.AppStore|x64.ActiveCfg = Debug|Any CPU
		{19D6D24D-FD79-42B1-ABA5-038875180AED}.AppStore|x64.Build.0 = Debug|Any CPU
		{19D6D24D-FD79-42B1-ABA5-038875180AED}.AppStore|x64.Deploy.0 = Debug|Any CPU
		{19D6D24D-FD79-42B1-ABA5-038875180AED}.Debug|Any CPU.ActiveCfg = Debug|Any CPU
		{19D6D24D-FD79-42B1-ABA5-038875180AED}.Debug|Any CPU.Build.0 = Debug|Any CPU
		{19D6D24D-FD79-42B1-ABA5-038875180AED}.Debug|Any CPU.Deploy.0 = Debug|Any CPU
		{19D6D24D-FD79-42B1-ABA5-038875180AED}.Debug|iPhone.ActiveCfg = Debug|Any CPU
		{19D6D24D-FD79-42B1-ABA5-038875180AED}.Debug|iPhone.Build.0 = Debug|Any CPU
		{19D6D24D-FD79-42B1-ABA5-038875180AED}.Debug|iPhone.Deploy.0 = Debug|Any CPU
		{19D6D24D-FD79-42B1-ABA5-038875180AED}.Debug|iPhoneSimulator.ActiveCfg = Debug|Any CPU
		{19D6D24D-FD79-42B1-ABA5-038875180AED}.Debug|iPhoneSimulator.Build.0 = Debug|Any CPU
		{19D6D24D-FD79-42B1-ABA5-038875180AED}.Debug|x64.ActiveCfg = Release|Any CPU
		{19D6D24D-FD79-42B1-ABA5-038875180AED}.Debug|x64.Build.0 = Release|Any CPU
		{19D6D24D-FD79-42B1-ABA5-038875180AED}.Debug|x64.Deploy.0 = Release|Any CPU
		{19D6D24D-FD79-42B1-ABA5-038875180AED}.Release|Any CPU.ActiveCfg = Release|Any CPU
		{19D6D24D-FD79-42B1-ABA5-038875180AED}.Release|Any CPU.Build.0 = Release|Any CPU
		{19D6D24D-FD79-42B1-ABA5-038875180AED}.Release|Any CPU.Deploy.0 = Release|Any CPU
		{19D6D24D-FD79-42B1-ABA5-038875180AED}.Release|iPhone.ActiveCfg = Release|Any CPU
		{19D6D24D-FD79-42B1-ABA5-038875180AED}.Release|iPhone.Build.0 = Release|Any CPU
		{19D6D24D-FD79-42B1-ABA5-038875180AED}.Release|iPhoneSimulator.ActiveCfg = Release|Any CPU
		{19D6D24D-FD79-42B1-ABA5-038875180AED}.Release|iPhoneSimulator.Build.0 = Release|Any CPU
		{19D6D24D-FD79-42B1-ABA5-038875180AED}.Release|x64.ActiveCfg = Release|Any CPU
		{19D6D24D-FD79-42B1-ABA5-038875180AED}.Release|x64.Build.0 = Release|Any CPU
		{19D6D24D-FD79-42B1-ABA5-038875180AED}.Release|x64.Deploy.0 = Release|Any CPU
		{A2D8C176-D380-46E5-B121-45281511A170}.Ad-Hoc|Any CPU.ActiveCfg = Release|Any CPU
		{A2D8C176-D380-46E5-B121-45281511A170}.Ad-Hoc|Any CPU.Build.0 = Release|Any CPU
		{A2D8C176-D380-46E5-B121-45281511A170}.Ad-Hoc|iPhone.ActiveCfg = Release|Any CPU
		{A2D8C176-D380-46E5-B121-45281511A170}.Ad-Hoc|iPhone.Build.0 = Release|Any CPU
		{A2D8C176-D380-46E5-B121-45281511A170}.Ad-Hoc|iPhoneSimulator.ActiveCfg = Release|Any CPU
		{A2D8C176-D380-46E5-B121-45281511A170}.Ad-Hoc|iPhoneSimulator.Build.0 = Release|Any CPU
		{A2D8C176-D380-46E5-B121-45281511A170}.Ad-Hoc|x64.ActiveCfg = Debug|Any CPU
		{A2D8C176-D380-46E5-B121-45281511A170}.Ad-Hoc|x64.Build.0 = Debug|Any CPU
		{A2D8C176-D380-46E5-B121-45281511A170}.AppStore|Any CPU.ActiveCfg = Release|Any CPU
		{A2D8C176-D380-46E5-B121-45281511A170}.AppStore|Any CPU.Build.0 = Release|Any CPU
		{A2D8C176-D380-46E5-B121-45281511A170}.AppStore|iPhone.ActiveCfg = Release|Any CPU
		{A2D8C176-D380-46E5-B121-45281511A170}.AppStore|iPhone.Build.0 = Release|Any CPU
		{A2D8C176-D380-46E5-B121-45281511A170}.AppStore|iPhoneSimulator.ActiveCfg = Release|Any CPU
		{A2D8C176-D380-46E5-B121-45281511A170}.AppStore|iPhoneSimulator.Build.0 = Release|Any CPU
		{A2D8C176-D380-46E5-B121-45281511A170}.AppStore|x64.ActiveCfg = Debug|Any CPU
		{A2D8C176-D380-46E5-B121-45281511A170}.AppStore|x64.Build.0 = Debug|Any CPU
		{A2D8C176-D380-46E5-B121-45281511A170}.Debug|Any CPU.ActiveCfg = Debug|Any CPU
		{A2D8C176-D380-46E5-B121-45281511A170}.Debug|Any CPU.Build.0 = Debug|Any CPU
		{A2D8C176-D380-46E5-B121-45281511A170}.Debug|iPhone.ActiveCfg = Debug|Any CPU
		{A2D8C176-D380-46E5-B121-45281511A170}.Debug|iPhone.Build.0 = Debug|Any CPU
		{A2D8C176-D380-46E5-B121-45281511A170}.Debug|iPhoneSimulator.ActiveCfg = Debug|Any CPU
		{A2D8C176-D380-46E5-B121-45281511A170}.Debug|iPhoneSimulator.Build.0 = Debug|Any CPU
		{A2D8C176-D380-46E5-B121-45281511A170}.Debug|x64.ActiveCfg = Debug|Any CPU
		{A2D8C176-D380-46E5-B121-45281511A170}.Debug|x64.Build.0 = Debug|Any CPU
		{A2D8C176-D380-46E5-B121-45281511A170}.Release|Any CPU.ActiveCfg = Release|Any CPU
		{A2D8C176-D380-46E5-B121-45281511A170}.Release|Any CPU.Build.0 = Release|Any CPU
		{A2D8C176-D380-46E5-B121-45281511A170}.Release|iPhone.ActiveCfg = Release|Any CPU
		{A2D8C176-D380-46E5-B121-45281511A170}.Release|iPhone.Build.0 = Release|Any CPU
		{A2D8C176-D380-46E5-B121-45281511A170}.Release|iPhoneSimulator.ActiveCfg = Release|Any CPU
		{A2D8C176-D380-46E5-B121-45281511A170}.Release|iPhoneSimulator.Build.0 = Release|Any CPU
		{A2D8C176-D380-46E5-B121-45281511A170}.Release|x64.ActiveCfg = Release|Any CPU
		{A2D8C176-D380-46E5-B121-45281511A170}.Release|x64.Build.0 = Release|Any CPU
		{2F2966BC-5F94-4EAD-8926-D32F14C15A04}.Ad-Hoc|Any CPU.ActiveCfg = Release|Any CPU
		{2F2966BC-5F94-4EAD-8926-D32F14C15A04}.Ad-Hoc|Any CPU.Build.0 = Release|Any CPU
		{2F2966BC-5F94-4EAD-8926-D32F14C15A04}.Ad-Hoc|iPhone.ActiveCfg = Release|Any CPU
		{2F2966BC-5F94-4EAD-8926-D32F14C15A04}.Ad-Hoc|iPhone.Build.0 = Release|Any CPU
		{2F2966BC-5F94-4EAD-8926-D32F14C15A04}.Ad-Hoc|iPhoneSimulator.ActiveCfg = Release|Any CPU
		{2F2966BC-5F94-4EAD-8926-D32F14C15A04}.Ad-Hoc|iPhoneSimulator.Build.0 = Release|Any CPU
		{2F2966BC-5F94-4EAD-8926-D32F14C15A04}.Ad-Hoc|x64.ActiveCfg = Debug|Any CPU
		{2F2966BC-5F94-4EAD-8926-D32F14C15A04}.Ad-Hoc|x64.Build.0 = Debug|Any CPU
		{2F2966BC-5F94-4EAD-8926-D32F14C15A04}.AppStore|Any CPU.ActiveCfg = Release|Any CPU
		{2F2966BC-5F94-4EAD-8926-D32F14C15A04}.AppStore|Any CPU.Build.0 = Release|Any CPU
		{2F2966BC-5F94-4EAD-8926-D32F14C15A04}.AppStore|iPhone.ActiveCfg = Release|Any CPU
		{2F2966BC-5F94-4EAD-8926-D32F14C15A04}.AppStore|iPhone.Build.0 = Release|Any CPU
		{2F2966BC-5F94-4EAD-8926-D32F14C15A04}.AppStore|iPhoneSimulator.ActiveCfg = Release|Any CPU
		{2F2966BC-5F94-4EAD-8926-D32F14C15A04}.AppStore|iPhoneSimulator.Build.0 = Release|Any CPU
		{2F2966BC-5F94-4EAD-8926-D32F14C15A04}.AppStore|x64.ActiveCfg = Debug|Any CPU
		{2F2966BC-5F94-4EAD-8926-D32F14C15A04}.AppStore|x64.Build.0 = Debug|Any CPU
		{2F2966BC-5F94-4EAD-8926-D32F14C15A04}.Debug|Any CPU.ActiveCfg = Debug|Any CPU
		{2F2966BC-5F94-4EAD-8926-D32F14C15A04}.Debug|Any CPU.Build.0 = Debug|Any CPU
		{2F2966BC-5F94-4EAD-8926-D32F14C15A04}.Debug|iPhone.ActiveCfg = Debug|Any CPU
		{2F2966BC-5F94-4EAD-8926-D32F14C15A04}.Debug|iPhone.Build.0 = Debug|Any CPU
		{2F2966BC-5F94-4EAD-8926-D32F14C15A04}.Debug|iPhoneSimulator.ActiveCfg = Debug|Any CPU
		{2F2966BC-5F94-4EAD-8926-D32F14C15A04}.Debug|iPhoneSimulator.Build.0 = Debug|Any CPU
		{2F2966BC-5F94-4EAD-8926-D32F14C15A04}.Debug|x64.ActiveCfg = Debug|Any CPU
		{2F2966BC-5F94-4EAD-8926-D32F14C15A04}.Debug|x64.Build.0 = Debug|Any CPU
		{2F2966BC-5F94-4EAD-8926-D32F14C15A04}.Release|Any CPU.ActiveCfg = Release|Any CPU
		{2F2966BC-5F94-4EAD-8926-D32F14C15A04}.Release|Any CPU.Build.0 = Release|Any CPU
		{2F2966BC-5F94-4EAD-8926-D32F14C15A04}.Release|iPhone.ActiveCfg = Release|Any CPU
		{2F2966BC-5F94-4EAD-8926-D32F14C15A04}.Release|iPhone.Build.0 = Release|Any CPU
		{2F2966BC-5F94-4EAD-8926-D32F14C15A04}.Release|iPhoneSimulator.ActiveCfg = Release|Any CPU
		{2F2966BC-5F94-4EAD-8926-D32F14C15A04}.Release|iPhoneSimulator.Build.0 = Release|Any CPU
		{2F2966BC-5F94-4EAD-8926-D32F14C15A04}.Release|x64.ActiveCfg = Release|Any CPU
		{2F2966BC-5F94-4EAD-8926-D32F14C15A04}.Release|x64.Build.0 = Release|Any CPU
		{8D52533B-5B31-4ABA-BBC7-127E2703C027}.Ad-Hoc|Any CPU.ActiveCfg = Debug|Any CPU
		{8D52533B-5B31-4ABA-BBC7-127E2703C027}.Ad-Hoc|Any CPU.Build.0 = Debug|Any CPU
		{8D52533B-5B31-4ABA-BBC7-127E2703C027}.Ad-Hoc|iPhone.ActiveCfg = Debug|Any CPU
		{8D52533B-5B31-4ABA-BBC7-127E2703C027}.Ad-Hoc|iPhone.Build.0 = Debug|Any CPU
		{8D52533B-5B31-4ABA-BBC7-127E2703C027}.Ad-Hoc|iPhoneSimulator.ActiveCfg = Debug|Any CPU
		{8D52533B-5B31-4ABA-BBC7-127E2703C027}.Ad-Hoc|iPhoneSimulator.Build.0 = Debug|Any CPU
		{8D52533B-5B31-4ABA-BBC7-127E2703C027}.Ad-Hoc|x64.ActiveCfg = Debug|Any CPU
		{8D52533B-5B31-4ABA-BBC7-127E2703C027}.Ad-Hoc|x64.Build.0 = Debug|Any CPU
		{8D52533B-5B31-4ABA-BBC7-127E2703C027}.AppStore|Any CPU.ActiveCfg = Debug|Any CPU
		{8D52533B-5B31-4ABA-BBC7-127E2703C027}.AppStore|Any CPU.Build.0 = Debug|Any CPU
		{8D52533B-5B31-4ABA-BBC7-127E2703C027}.AppStore|iPhone.ActiveCfg = Debug|Any CPU
		{8D52533B-5B31-4ABA-BBC7-127E2703C027}.AppStore|iPhone.Build.0 = Debug|Any CPU
		{8D52533B-5B31-4ABA-BBC7-127E2703C027}.AppStore|iPhoneSimulator.ActiveCfg = Debug|Any CPU
		{8D52533B-5B31-4ABA-BBC7-127E2703C027}.AppStore|iPhoneSimulator.Build.0 = Debug|Any CPU
		{8D52533B-5B31-4ABA-BBC7-127E2703C027}.AppStore|x64.ActiveCfg = Debug|Any CPU
		{8D52533B-5B31-4ABA-BBC7-127E2703C027}.AppStore|x64.Build.0 = Debug|Any CPU
		{8D52533B-5B31-4ABA-BBC7-127E2703C027}.Debug|Any CPU.ActiveCfg = Debug|Any CPU
		{8D52533B-5B31-4ABA-BBC7-127E2703C027}.Debug|Any CPU.Build.0 = Debug|Any CPU
		{8D52533B-5B31-4ABA-BBC7-127E2703C027}.Debug|iPhone.ActiveCfg = Debug|Any CPU
		{8D52533B-5B31-4ABA-BBC7-127E2703C027}.Debug|iPhone.Build.0 = Debug|Any CPU
		{8D52533B-5B31-4ABA-BBC7-127E2703C027}.Debug|iPhoneSimulator.ActiveCfg = Debug|Any CPU
		{8D52533B-5B31-4ABA-BBC7-127E2703C027}.Debug|iPhoneSimulator.Build.0 = Debug|Any CPU
		{8D52533B-5B31-4ABA-BBC7-127E2703C027}.Debug|x64.ActiveCfg = Debug|Any CPU
		{8D52533B-5B31-4ABA-BBC7-127E2703C027}.Debug|x64.Build.0 = Debug|Any CPU
		{8D52533B-5B31-4ABA-BBC7-127E2703C027}.Release|Any CPU.ActiveCfg = Release|Any CPU
		{8D52533B-5B31-4ABA-BBC7-127E2703C027}.Release|Any CPU.Build.0 = Release|Any CPU
		{8D52533B-5B31-4ABA-BBC7-127E2703C027}.Release|iPhone.ActiveCfg = Release|Any CPU
		{8D52533B-5B31-4ABA-BBC7-127E2703C027}.Release|iPhone.Build.0 = Release|Any CPU
		{8D52533B-5B31-4ABA-BBC7-127E2703C027}.Release|iPhoneSimulator.ActiveCfg = Release|Any CPU
		{8D52533B-5B31-4ABA-BBC7-127E2703C027}.Release|iPhoneSimulator.Build.0 = Release|Any CPU
		{8D52533B-5B31-4ABA-BBC7-127E2703C027}.Release|x64.ActiveCfg = Release|Any CPU
		{8D52533B-5B31-4ABA-BBC7-127E2703C027}.Release|x64.Build.0 = Release|Any CPU
		{3D0F75F4-3A02-4C2D-8AB5-24CDD9938A00}.Ad-Hoc|Any CPU.ActiveCfg = Debug|Any CPU
		{3D0F75F4-3A02-4C2D-8AB5-24CDD9938A00}.Ad-Hoc|Any CPU.Build.0 = Debug|Any CPU
		{3D0F75F4-3A02-4C2D-8AB5-24CDD9938A00}.Ad-Hoc|iPhone.ActiveCfg = Debug|Any CPU
		{3D0F75F4-3A02-4C2D-8AB5-24CDD9938A00}.Ad-Hoc|iPhone.Build.0 = Debug|Any CPU
		{3D0F75F4-3A02-4C2D-8AB5-24CDD9938A00}.Ad-Hoc|iPhoneSimulator.ActiveCfg = Debug|Any CPU
		{3D0F75F4-3A02-4C2D-8AB5-24CDD9938A00}.Ad-Hoc|iPhoneSimulator.Build.0 = Debug|Any CPU
		{3D0F75F4-3A02-4C2D-8AB5-24CDD9938A00}.Ad-Hoc|x64.ActiveCfg = Release|Any CPU
		{3D0F75F4-3A02-4C2D-8AB5-24CDD9938A00}.Ad-Hoc|x64.Build.0 = Release|Any CPU
		{3D0F75F4-3A02-4C2D-8AB5-24CDD9938A00}.AppStore|Any CPU.ActiveCfg = Debug|Any CPU
		{3D0F75F4-3A02-4C2D-8AB5-24CDD9938A00}.AppStore|Any CPU.Build.0 = Debug|Any CPU
		{3D0F75F4-3A02-4C2D-8AB5-24CDD9938A00}.AppStore|iPhone.ActiveCfg = Debug|Any CPU
		{3D0F75F4-3A02-4C2D-8AB5-24CDD9938A00}.AppStore|iPhone.Build.0 = Debug|Any CPU
		{3D0F75F4-3A02-4C2D-8AB5-24CDD9938A00}.AppStore|iPhoneSimulator.ActiveCfg = Debug|Any CPU
		{3D0F75F4-3A02-4C2D-8AB5-24CDD9938A00}.AppStore|iPhoneSimulator.Build.0 = Debug|Any CPU
		{3D0F75F4-3A02-4C2D-8AB5-24CDD9938A00}.AppStore|x64.ActiveCfg = Release|Any CPU
		{3D0F75F4-3A02-4C2D-8AB5-24CDD9938A00}.AppStore|x64.Build.0 = Release|Any CPU
		{3D0F75F4-3A02-4C2D-8AB5-24CDD9938A00}.Debug|Any CPU.ActiveCfg = Debug|Any CPU
		{3D0F75F4-3A02-4C2D-8AB5-24CDD9938A00}.Debug|Any CPU.Build.0 = Debug|Any CPU
		{3D0F75F4-3A02-4C2D-8AB5-24CDD9938A00}.Debug|iPhone.ActiveCfg = Debug|Any CPU
		{3D0F75F4-3A02-4C2D-8AB5-24CDD9938A00}.Debug|iPhone.Build.0 = Debug|Any CPU
		{3D0F75F4-3A02-4C2D-8AB5-24CDD9938A00}.Debug|iPhoneSimulator.ActiveCfg = Debug|Any CPU
		{3D0F75F4-3A02-4C2D-8AB5-24CDD9938A00}.Debug|iPhoneSimulator.Build.0 = Debug|Any CPU
		{3D0F75F4-3A02-4C2D-8AB5-24CDD9938A00}.Debug|x64.ActiveCfg = Debug|Any CPU
		{3D0F75F4-3A02-4C2D-8AB5-24CDD9938A00}.Debug|x64.Build.0 = Debug|Any CPU
		{3D0F75F4-3A02-4C2D-8AB5-24CDD9938A00}.Release|Any CPU.ActiveCfg = Release|Any CPU
		{3D0F75F4-3A02-4C2D-8AB5-24CDD9938A00}.Release|Any CPU.Build.0 = Release|Any CPU
		{3D0F75F4-3A02-4C2D-8AB5-24CDD9938A00}.Release|iPhone.ActiveCfg = Release|Any CPU
		{3D0F75F4-3A02-4C2D-8AB5-24CDD9938A00}.Release|iPhone.Build.0 = Release|Any CPU
		{3D0F75F4-3A02-4C2D-8AB5-24CDD9938A00}.Release|iPhoneSimulator.ActiveCfg = Release|Any CPU
		{3D0F75F4-3A02-4C2D-8AB5-24CDD9938A00}.Release|iPhoneSimulator.Build.0 = Release|Any CPU
		{3D0F75F4-3A02-4C2D-8AB5-24CDD9938A00}.Release|x64.ActiveCfg = Release|Any CPU
		{3D0F75F4-3A02-4C2D-8AB5-24CDD9938A00}.Release|x64.Build.0 = Release|Any CPU
		{CF639699-B873-4A75-A48B-C92F411C37E8}.Ad-Hoc|Any CPU.ActiveCfg = Release|Any CPU
		{CF639699-B873-4A75-A48B-C92F411C37E8}.Ad-Hoc|Any CPU.Build.0 = Release|Any CPU
		{CF639699-B873-4A75-A48B-C92F411C37E8}.Ad-Hoc|iPhone.ActiveCfg = Release|Any CPU
		{CF639699-B873-4A75-A48B-C92F411C37E8}.Ad-Hoc|iPhone.Build.0 = Release|Any CPU
		{CF639699-B873-4A75-A48B-C92F411C37E8}.Ad-Hoc|iPhoneSimulator.ActiveCfg = Release|Any CPU
		{CF639699-B873-4A75-A48B-C92F411C37E8}.Ad-Hoc|iPhoneSimulator.Build.0 = Release|Any CPU
		{CF639699-B873-4A75-A48B-C92F411C37E8}.Ad-Hoc|x64.ActiveCfg = Release|Any CPU
		{CF639699-B873-4A75-A48B-C92F411C37E8}.Ad-Hoc|x64.Build.0 = Release|Any CPU
		{CF639699-B873-4A75-A48B-C92F411C37E8}.AppStore|Any CPU.ActiveCfg = Release|Any CPU
		{CF639699-B873-4A75-A48B-C92F411C37E8}.AppStore|Any CPU.Build.0 = Release|Any CPU
		{CF639699-B873-4A75-A48B-C92F411C37E8}.AppStore|iPhone.ActiveCfg = Release|Any CPU
		{CF639699-B873-4A75-A48B-C92F411C37E8}.AppStore|iPhone.Build.0 = Release|Any CPU
		{CF639699-B873-4A75-A48B-C92F411C37E8}.AppStore|iPhoneSimulator.ActiveCfg = Release|Any CPU
		{CF639699-B873-4A75-A48B-C92F411C37E8}.AppStore|iPhoneSimulator.Build.0 = Release|Any CPU
		{CF639699-B873-4A75-A48B-C92F411C37E8}.AppStore|x64.ActiveCfg = Release|Any CPU
		{CF639699-B873-4A75-A48B-C92F411C37E8}.AppStore|x64.Build.0 = Release|Any CPU
		{CF639699-B873-4A75-A48B-C92F411C37E8}.Debug|Any CPU.ActiveCfg = Debug|Any CPU
		{CF639699-B873-4A75-A48B-C92F411C37E8}.Debug|Any CPU.Build.0 = Debug|Any CPU
		{CF639699-B873-4A75-A48B-C92F411C37E8}.Debug|iPhone.ActiveCfg = Debug|Any CPU
		{CF639699-B873-4A75-A48B-C92F411C37E8}.Debug|iPhone.Build.0 = Debug|Any CPU
		{CF639699-B873-4A75-A48B-C92F411C37E8}.Debug|iPhoneSimulator.ActiveCfg = Debug|Any CPU
		{CF639699-B873-4A75-A48B-C92F411C37E8}.Debug|iPhoneSimulator.Build.0 = Debug|Any CPU
		{CF639699-B873-4A75-A48B-C92F411C37E8}.Debug|x64.ActiveCfg = Debug|Any CPU
		{CF639699-B873-4A75-A48B-C92F411C37E8}.Debug|x64.Build.0 = Debug|Any CPU
		{CF639699-B873-4A75-A48B-C92F411C37E8}.Release|Any CPU.ActiveCfg = Release|Any CPU
		{CF639699-B873-4A75-A48B-C92F411C37E8}.Release|Any CPU.Build.0 = Release|Any CPU
		{CF639699-B873-4A75-A48B-C92F411C37E8}.Release|iPhone.ActiveCfg = Release|Any CPU
		{CF639699-B873-4A75-A48B-C92F411C37E8}.Release|iPhone.Build.0 = Release|Any CPU
		{CF639699-B873-4A75-A48B-C92F411C37E8}.Release|iPhoneSimulator.ActiveCfg = Release|Any CPU
		{CF639699-B873-4A75-A48B-C92F411C37E8}.Release|iPhoneSimulator.Build.0 = Release|Any CPU
		{CF639699-B873-4A75-A48B-C92F411C37E8}.Release|x64.ActiveCfg = Release|Any CPU
		{CF639699-B873-4A75-A48B-C92F411C37E8}.Release|x64.Build.0 = Release|Any CPU
		{7755E01D-7F6F-46E6-99EF-0FBC73DEF5F9}.Ad-Hoc|Any CPU.ActiveCfg = Release|Any CPU
		{7755E01D-7F6F-46E6-99EF-0FBC73DEF5F9}.Ad-Hoc|Any CPU.Build.0 = Release|Any CPU
		{7755E01D-7F6F-46E6-99EF-0FBC73DEF5F9}.Ad-Hoc|iPhone.ActiveCfg = Release|Any CPU
		{7755E01D-7F6F-46E6-99EF-0FBC73DEF5F9}.Ad-Hoc|iPhone.Build.0 = Release|Any CPU
		{7755E01D-7F6F-46E6-99EF-0FBC73DEF5F9}.Ad-Hoc|iPhoneSimulator.ActiveCfg = Release|Any CPU
		{7755E01D-7F6F-46E6-99EF-0FBC73DEF5F9}.Ad-Hoc|iPhoneSimulator.Build.0 = Release|Any CPU
		{7755E01D-7F6F-46E6-99EF-0FBC73DEF5F9}.Ad-Hoc|x64.ActiveCfg = Debug|Any CPU
		{7755E01D-7F6F-46E6-99EF-0FBC73DEF5F9}.Ad-Hoc|x64.Build.0 = Debug|Any CPU
		{7755E01D-7F6F-46E6-99EF-0FBC73DEF5F9}.AppStore|Any CPU.ActiveCfg = Release|Any CPU
		{7755E01D-7F6F-46E6-99EF-0FBC73DEF5F9}.AppStore|Any CPU.Build.0 = Release|Any CPU
		{7755E01D-7F6F-46E6-99EF-0FBC73DEF5F9}.AppStore|iPhone.ActiveCfg = Release|Any CPU
		{7755E01D-7F6F-46E6-99EF-0FBC73DEF5F9}.AppStore|iPhoneSimulator.ActiveCfg = Release|Any CPU
		{7755E01D-7F6F-46E6-99EF-0FBC73DEF5F9}.AppStore|iPhoneSimulator.Build.0 = Release|Any CPU
		{7755E01D-7F6F-46E6-99EF-0FBC73DEF5F9}.AppStore|x64.ActiveCfg = Debug|Any CPU
		{7755E01D-7F6F-46E6-99EF-0FBC73DEF5F9}.AppStore|x64.Build.0 = Debug|Any CPU
		{7755E01D-7F6F-46E6-99EF-0FBC73DEF5F9}.Debug|Any CPU.ActiveCfg = Debug|Any CPU
		{7755E01D-7F6F-46E6-99EF-0FBC73DEF5F9}.Debug|Any CPU.Build.0 = Debug|Any CPU
		{7755E01D-7F6F-46E6-99EF-0FBC73DEF5F9}.Debug|iPhone.ActiveCfg = Debug|Any CPU
		{7755E01D-7F6F-46E6-99EF-0FBC73DEF5F9}.Debug|iPhone.Build.0 = Debug|Any CPU
		{7755E01D-7F6F-46E6-99EF-0FBC73DEF5F9}.Debug|iPhoneSimulator.ActiveCfg = Debug|Any CPU
		{7755E01D-7F6F-46E6-99EF-0FBC73DEF5F9}.Debug|iPhoneSimulator.Build.0 = Debug|Any CPU
		{7755E01D-7F6F-46E6-99EF-0FBC73DEF5F9}.Debug|x64.ActiveCfg = Debug|Any CPU
		{7755E01D-7F6F-46E6-99EF-0FBC73DEF5F9}.Debug|x64.Build.0 = Debug|Any CPU
		{7755E01D-7F6F-46E6-99EF-0FBC73DEF5F9}.Release|Any CPU.ActiveCfg = Release|Any CPU
		{7755E01D-7F6F-46E6-99EF-0FBC73DEF5F9}.Release|Any CPU.Build.0 = Release|Any CPU
		{7755E01D-7F6F-46E6-99EF-0FBC73DEF5F9}.Release|iPhone.ActiveCfg = Release|Any CPU
		{7755E01D-7F6F-46E6-99EF-0FBC73DEF5F9}.Release|iPhone.Build.0 = Release|Any CPU
		{7755E01D-7F6F-46E6-99EF-0FBC73DEF5F9}.Release|iPhoneSimulator.ActiveCfg = Release|Any CPU
		{7755E01D-7F6F-46E6-99EF-0FBC73DEF5F9}.Release|iPhoneSimulator.Build.0 = Release|Any CPU
		{7755E01D-7F6F-46E6-99EF-0FBC73DEF5F9}.Release|x64.ActiveCfg = Release|Any CPU
		{7755E01D-7F6F-46E6-99EF-0FBC73DEF5F9}.Release|x64.Build.0 = Release|Any CPU
	EndGlobalSection
	GlobalSection(SolutionProperties) = preSolution
		HideSolutionNode = FALSE
	EndGlobalSection
	GlobalSection(ExtensibilityGlobals) = postSolution
		SolutionGuid = {7ECC838C-1C12-4B0D-9ACA-CE3D8637F9A2}
	EndGlobalSection
EndGlobal
